
Microsoft Visual Studio Solution File, Format Version 12.00
# Visual Studio Version 17
VisualStudioVersion = 17.13.35825.156 d17.13
MinimumVisualStudioVersion = 10.0.40219.1
Project("{FAE04EC0-301F-11D3-BF4B-00C04F79EFBC}") = "App_web_Tatry", "App_web_Tatry.csproj", "{949F7C98-E971-45C6-BB16-F861463DD9B1}"
EndProject
Global
	GlobalSection(SolutionConfigurationPlatforms) = preSolution
		Debug|Any CPU = Debug|Any CPU
		Release|Any CPU = Release|Any CPU
	EndGlobalSection
	GlobalSection(ProjectConfigurationPlatforms) = postSolution
		{949F7C98-E971-45C6-BB16-F861463DD9B1}.Debug|Any CPU.ActiveCfg = Debug|Any CPU
		{949F7C98-E971-45C6-BB16-F861463DD9B1}.Debug|Any CPU.Build.0 = Debug|Any CPU
		{949F7C98-E971-45C6-BB16-F861463DD9B1}.Release|Any CPU.ActiveCfg = Release|Any CPU
		{949F7C98-E971-45C6-BB16-F861463DD9B1}.Release|Any CPU.Build.0 = Release|Any CPU
	EndGlobalSection
	GlobalSection(SolutionProperties) = preSolution
		HideSolutionNode = FALSE
	EndGlobalSection
	GlobalSection(ExtensibilityGlobals) = postSolution
		SolutionGuid = {2CD7A8AE-26D7-44DC-920E-8562CC6046AA}
	EndGlobalSection
EndGlobal
